<?xml version="1.0" encoding="UTF-8" standalone="yes" ?>
<CodeBlocks_project_file>
	<FileVersion major="1" minor="6" />
	<Project>
		<Option title="gosilang" />
		<Option pch_mode="2" />
		<Option compiler="gcc" />
		<Build>
			<Target title="debug">
				<Option output="bin/debug/gosilang" prefix_auto="1" extension_auto="1" />
				<Option object_output="obj/debug/" />
				<Option type="1" />
				<Option compiler="gcc" />
				<Compiler>
					<Add option="-g" />
				</Compiler>
			</Target>
			<Target title="release">
				<Option output="bin/gosilang" prefix_auto="1" extension_auto="1" />
				<Option object_output="obj/" />
				<Option type="1" />
				<Option compiler="gcc" />
				<Compiler>
					<Add option="-O2" />
				</Compiler>
				<Linker>
					<Add option="-s" />
				</Linker>
			</Target>
		</Build>
		<Compiler>
			<Add option="-Wall" />
		</Compiler>
		<Unit filename=".gitignore" />
		<Unit filename="README.md" />
		<Unit filename="docs/books/.gitkeep" />
		<Unit filename="docs/books/README.md" />
		<Unit filename="docs/examples/.gitkeep" />
		<Unit filename="docs/examples/README.md" />
		<Unit filename="docs/guidelines/.gitkeep" />
		<Unit filename="docs/guidelines/README.md" />
		<Unit filename="docs/specs/language/.gitkeep" />
		<Unit filename="docs/specs/language/README.md" />
		<Unit filename="docs/specs/subsystems/.gitkeep" />
		<Unit filename="docs/specs/subsystems/README.md" />
		<Unit filename="gosilang.layout" />
		<Unit filename="obj/debug/src/core/tokenizer/symbols/sym_type.o" />
		<Unit filename="programs/examples/.gitkeep" />
		<Unit filename="programs/examples/README.md" />
		<Unit filename="programs/subsystems/gui/.gitkeep" />
		<Unit filename="programs/subsystems/gui/README.md" />
		<Unit filename="programs/subsystems/sdl2/.gitkeep" />
		<Unit filename="programs/subsystems/sdl2/README.md" />
		<Unit filename="programs/subsystems/test/.gitkeep" />
		<Unit filename="programs/subsystems/test/README.md" />
		<Unit filename="programs/templates/.gitkeep" />
		<Unit filename="programs/templates/README.md" />
		<Unit filename="programs/tests/.gitkeep" />
		<Unit filename="programs/tests/README.md" />
		<Unit filename="scripts/build/.gitkeep" />
		<Unit filename="scripts/build/README.md" />
		<Unit filename="scripts/ci/.gitkeep" />
		<Unit filename="scripts/ci/README.md" />
		<Unit filename="scripts/tools/.gitkeep" />
		<Unit filename="scripts/tools/README.md" />
		<Unit filename="src/compiler/analyzer/race/.gitkeep" />
		<Unit filename="src/compiler/analyzer/race/README.md" />
		<Unit filename="src/compiler/analyzer/safety/.gitkeep" />
		<Unit filename="src/compiler/analyzer/safety/README.md" />
		<Unit filename="src/compiler/generator/generic/.gitkeep" />
		<Unit filename="src/compiler/generator/generic/README.md" />
		<Unit filename="src/compiler/generator/parallel/.gitkeep" />
		<Unit filename="src/compiler/generator/parallel/README.md" />
		<Unit filename="src/compiler/optimizer/parallel/.gitkeep" />
		<Unit filename="src/compiler/optimizer/parallel/README.md" />
		<Unit filename="src/compiler/optimizer/state/.gitkeep" />
		<Unit filename="src/compiler/optimizer/state/README.md" />
		<Unit filename="src/core/ast/minimizer/.gitkeep" />
		<Unit filename="src/core/ast/minimizer/README.md" />
		<Unit filename="src/core/ast/validator/.gitkeep" />
		<Unit filename="src/core/ast/validator/README.md" />
		<Unit filename="src/core/minimizer/.gitkeep" />
		<Unit filename="src/core/minimizer/README.md" />
		<Unit filename="src/core/parser/.gitkeep" />
		<Unit filename="src/core/parser/README.md" />
		<Unit filename="src/core/tokenizer/lexer/.gitkeep" />
		<Unit filename="src/core/tokenizer/lexer/README.md" />
		<Unit filename="src/core/tokenizer/symbols/.gitkeep" />
		<Unit filename="src/core/tokenizer/symbols/README.md" />
		<Unit filename="src/core/tokenizer/symbols/sym_type.c">
			<Option compilerVar="CC" />
		</Unit>
		<Unit filename="src/core/tokenizer/symbols/sym_type.h" />
		<Unit filename="src/core/tokenizer/symbols/sym_value.c">
			<Option compilerVar="CC" />
		</Unit>
		<Unit filename="src/core/tokenizer/symbols/sym_value.h" />
		<Unit filename="src/runtime/concurrency/futures/.gitkeep" />
		<Unit filename="src/runtime/concurrency/futures/README.md" />
		<Unit filename="src/runtime/concurrency/lazy/.gitkeep" />
		<Unit filename="src/runtime/concurrency/lazy/README.md" />
		<Unit filename="src/runtime/debug/ploffer/.gitkeep" />
		<Unit filename="src/runtime/debug/ploffer/README.md" />
		<Unit filename="src/runtime/debug/profiler/.gitkeep" />
		<Unit filename="src/runtime/debug/profiler/README.md" />
		<Unit filename="src/runtime/dom-asm/.gitkeep" />
		<Unit filename="src/runtime/dom-asm/README.md" />
		<Unit filename="src/runtime/domasm/.gitkeep" />
		<Unit filename="src/runtime/domasm/README.md" />
		<Unit filename="src/runtime/web/.gitkeep" />
		<Unit filename="src/runtime/web/README.md" />
		<Unit filename="tests/integration/.gitkeep" />
		<Unit filename="tests/integration/README.md" />
		<Unit filename="tests/programs/.gitkeep" />
		<Unit filename="tests/programs/README.md" />
		<Unit filename="tests/security/.gitkeep" />
		<Unit filename="tests/security/README.md" />
		<Unit filename="tests/unit/.gitkeep" />
		<Unit filename="tests/unit/README.md" />
		<Unit filename="tools/analyzer/race/.gitkeep" />
		<Unit filename="tools/analyzer/race/README.md" />
		<Unit filename="tools/analyzer/security/.gitkeep" />
		<Unit filename="tools/analyzer/security/README.md" />
		<Unit filename="tools/boost/local/.gitkeep" />
		<Unit filename="tools/boost/local/README.md" />
		<Unit filename="tools/boost/registry/.gitkeep" />
		<Unit filename="tools/boost/registry/README.md" />
		<Unit filename="tools/validator/.gitkeep" />
		<Unit filename="tools/validator/README.md" />
		<Unit filename="tools/visualizer/.gitkeep" />
		<Unit filename="tools/visualizer/README.md" />
		<Extensions>
			<lib_finder disable_auto="1" />
		</Extensions>
	</Project>
</CodeBlocks_project_file>
